
Microsoft Visual Studio Solution File, Format Version 12.00
# Visual Studio Version 16
VisualStudioVersion = 16.0.28803.202
MinimumVisualStudioVersion = 10.0.40219.1
Project("{FAE04EC0-301F-11D3-BF4B-00C04F79EFBC}") = "ScreenRecording", "ScreenRecording\ScreenRecording.csproj", "{7B2C88B4-7241-4AB9-B8B0-6BA7DCE61F38}"
EndProject
Global
	GlobalSection(SolutionConfigurationPlatforms) = preSolution
		Debug|Any CPU = Debug|Any CPU
		Release|Any CPU = Release|Any CPU
	EndGlobalSection
	GlobalSection(ProjectConfigurationPlatforms) = postSolution
		{7B2C88B4-7241-4AB9-B8B0-6BA7DCE61F38}.Debug|Any CPU.ActiveCfg = Debug|Any CPU
		{7B2C88B4-7241-4AB9-B8B0-6BA7DCE61F38}.Debug|Any CPU.Build.0 = Debug|Any CPU
		{7B2C88B4-7241-4AB9-B8B0-6BA7DCE61F38}.Release|Any CPU.ActiveCfg = Release|Any CPU
		{7B2C88B4-7241-4AB9-B8B0-6BA7DCE61F38}.Release|Any CPU.Build.0 = Release|Any CPU
	EndGlobalSection
	GlobalSection(SolutionProperties) = preSolution
		HideSolutionNode = FALSE
	EndGlobalSection
	GlobalSection(ExtensibilityGlobals) = postSolution
		SolutionGuid = {16950B66-BE95-4EB0-B942-8474A3AA8D27}
	EndGlobalSection
EndGlobal
